
Microsoft Visual Studio Solution File, Format Version 12.00
# Visual Studio Version 17
VisualStudioVersion = 17.12.35527.113 d17.12
MinimumVisualStudioVersion = 10.0.40219.1
Project("{FAE04EC0-301F-11D3-BF4B-00C04F79EFBC}") = "Week3IfAndSwitch", "Week3IfAndSwitch\Week3IfAndSwitch.csproj", "{1B4D07D2-496A-4087-A510-B5D434C10DBD}"
EndProject
Project("{FAE04EC0-301F-11D3-BF4B-00C04F79EFBC}") = "OddOrEven", "OddOrEven\OddOrEven.csproj", "{F58F4F94-F213-41B3-9CB9-CC357E01650A}"
EndProject
Project("{FAE04EC0-301F-11D3-BF4B-00C04F79EFBC}") = "IfDayOfTheWeek", "IfDayOfTheWeek\IfDayOfTheWeek.csproj", "{72582252-2E94-4971-A12F-345EE1381D53}"
EndProject
Project("{FAE04EC0-301F-11D3-BF4B-00C04F79EFBC}") = "SwitchDayOfTheWeek", "SwitchDayOfTheWeek\SwitchDayOfTheWeek.csproj", "{4CA4618A-B230-4720-99EA-99BF33F8E4A0}"
EndProject
Global
	GlobalSection(SolutionConfigurationPlatforms) = preSolution
		Debug|Any CPU = Debug|Any CPU
		Release|Any CPU = Release|Any CPU
	EndGlobalSection
	GlobalSection(ProjectConfigurationPlatforms) = postSolution
		{1B4D07D2-496A-4087-A510-B5D434C10DBD}.Debug|Any CPU.ActiveCfg = Debug|Any CPU
		{1B4D07D2-496A-4087-A510-B5D434C10DBD}.Debug|Any CPU.Build.0 = Debug|Any CPU
		{1B4D07D2-496A-4087-A510-B5D434C10DBD}.Release|Any CPU.ActiveCfg = Release|Any CPU
		{1B4D07D2-496A-4087-A510-B5D434C10DBD}.Release|Any CPU.Build.0 = Release|Any CPU
		{F58F4F94-F213-41B3-9CB9-CC357E01650A}.Debug|Any CPU.ActiveCfg = Debug|Any CPU
		{F58F4F94-F213-41B3-9CB9-CC357E01650A}.Debug|Any CPU.Build.0 = Debug|Any CPU
		{F58F4F94-F213-41B3-9CB9-CC357E01650A}.Release|Any CPU.ActiveCfg = Release|Any CPU
		{F58F4F94-F213-41B3-9CB9-CC357E01650A}.Release|Any CPU.Build.0 = Release|Any CPU
		{72582252-2E94-4971-A12F-345EE1381D53}.Debug|Any CPU.ActiveCfg = Debug|Any CPU
		{72582252-2E94-4971-A12F-345EE1381D53}.Debug|Any CPU.Build.0 = Debug|Any CPU
		{72582252-2E94-4971-A12F-345EE1381D53}.Release|Any CPU.ActiveCfg = Release|Any CPU
		{72582252-2E94-4971-A12F-345EE1381D53}.Release|Any CPU.Build.0 = Release|Any CPU
		{4CA4618A-B230-4720-99EA-99BF33F8E4A0}.Debug|Any CPU.ActiveCfg = Debug|Any CPU
		{4CA4618A-B230-4720-99EA-99BF33F8E4A0}.Debug|Any CPU.Build.0 = Debug|Any CPU
		{4CA4618A-B230-4720-99EA-99BF33F8E4A0}.Release|Any CPU.ActiveCfg = Release|Any CPU
		{4CA4618A-B230-4720-99EA-99BF33F8E4A0}.Release|Any CPU.Build.0 = Release|Any CPU
	EndGlobalSection
	GlobalSection(SolutionProperties) = preSolution
		HideSolutionNode = FALSE
	EndGlobalSection
EndGlobal
